// !$*UTF8*$!
{
	archiveVersion = 1;
	classes = {
	};
	objectVersion = 50;
	objects = {

/* Begin PBXBuildFile section */
		620B303E21D3CA760056C343 /* AppDelegate.swift in Sources */ = {isa = PBXBuildFile; fileRef = 620B303D21D3CA760056C343 /* AppDelegate.swift */; };
		620B304321D3CA760056C343 /* Main.storyboard in Resources */ = {isa = PBXBuildFile; fileRef = 620B304121D3CA760056C343 /* Main.storyboard */; };
		620B304621D3CA770056C343 /* SwapIMobile.xcdatamodeld in Sources */ = {isa = PBXBuildFile; fileRef = 620B304421D3CA770056C343 /* SwapIMobile.xcdatamodeld */; };
		620B304821D3CA8A0056C343 /* Assets.xcassets in Resources */ = {isa = PBXBuildFile; fileRef = 620B304721D3CA8A0056C343 /* Assets.xcassets */; };
		620B304B21D3CA8B0056C343 /* LaunchScreen.storyboard in Resources */ = {isa = PBXBuildFile; fileRef = 620B304921D3CA8B0056C343 /* LaunchScreen.storyboard */; };
		6259B8AA21F1E1A800F50EE7 /* MainVC.swift in Sources */ = {isa = PBXBuildFile; fileRef = 6259B8A921F1E1A800F50EE7 /* MainVC.swift */; };
		6259B8AC21F20D4B00F50EE7 /* Character.swift in Sources */ = {isa = PBXBuildFile; fileRef = 6259B8AB21F20D4B00F50EE7 /* Character.swift */; };
		6259B8AF21F20FEE00F50EE7 /* requestService.swift in Sources */ = {isa = PBXBuildFile; fileRef = 6259B8AE21F20FEE00F50EE7 /* requestService.swift */; };
		6259B8B221F21DD200F50EE7 /* MainVCViewModel.swift in Sources */ = {isa = PBXBuildFile; fileRef = 6259B8B121F21DD200F50EE7 /* MainVCViewModel.swift */; };
		62A6C6C621F46C2700D75C33 /* HistoryView.swift in Sources */ = {isa = PBXBuildFile; fileRef = 62A6C6C521F46C2700D75C33 /* HistoryView.swift */; };
		62A6C6C821F46CF100D75C33 /* HistoryViewModel.swift in Sources */ = {isa = PBXBuildFile; fileRef = 62A6C6C721F46CF100D75C33 /* HistoryViewModel.swift */; };
		D79952C447AE8A863CF9AAA3 /* Pods_SwapIMobile.framework in Frameworks */ = {isa = PBXBuildFile; fileRef = DCE95A8FC10278F969B5872C /* Pods_SwapIMobile.framework */; };
/* End PBXBuildFile section */

/* Begin PBXFileReference section */
		1038265682DD487A890463E5 /* Pods-SwapIMobile.release.xcconfig */ = {isa = PBXFileReference; includeInIndex = 1; lastKnownFileType = text.xcconfig; name = "Pods-SwapIMobile.release.xcconfig"; path = "Pods/Target Support Files/Pods-SwapIMobile/Pods-SwapIMobile.release.xcconfig"; sourceTree = "<group>"; };
		620B303A21D3CA760056C343 /* SwapIMobile.app */ = {isa = PBXFileReference; explicitFileType = wrapper.application; includeInIndex = 0; path = SwapIMobile.app; sourceTree = BUILT_PRODUCTS_DIR; };
		620B303D21D3CA760056C343 /* AppDelegate.swift */ = {isa = PBXFileReference; lastKnownFileType = sourcecode.swift; path = AppDelegate.swift; sourceTree = "<group>"; };
		620B304221D3CA760056C343 /* Base */ = {isa = PBXFileReference; lastKnownFileType = file.storyboard; name = Base; path = Base.lproj/Main.storyboard; sourceTree = "<group>"; };
		620B304521D3CA770056C343 /* SwapIMobile.xcdatamodel */ = {isa = PBXFileReference; lastKnownFileType = wrapper.xcdatamodel; path = SwapIMobile.xcdatamodel; sourceTree = "<group>"; };
		620B304721D3CA8A0056C343 /* Assets.xcassets */ = {isa = PBXFileReference; lastKnownFileType = folder.assetcatalog; path = Assets.xcassets; sourceTree = "<group>"; };
		620B304A21D3CA8B0056C343 /* Base */ = {isa = PBXFileReference; lastKnownFileType = file.storyboard; name = Base; path = Base.lproj/LaunchScreen.storyboard; sourceTree = "<group>"; };
		620B304C21D3CA8B0056C343 /* Info.plist */ = {isa = PBXFileReference; lastKnownFileType = text.plist.xml; path = Info.plist; sourceTree = "<group>"; };
		6259B8A921F1E1A800F50EE7 /* MainVC.swift */ = {isa = PBXFileReference; lastKnownFileType = sourcecode.swift; path = MainVC.swift; sourceTree = "<group>"; };
		6259B8AB21F20D4B00F50EE7 /* Character.swift */ = {isa = PBXFileReference; lastKnownFileType = sourcecode.swift; path = Character.swift; sourceTree = "<group>"; };
		6259B8AE21F20FEE00F50EE7 /* requestService.swift */ = {isa = PBXFileReference; lastKnownFileType = sourcecode.swift; path = requestService.swift; sourceTree = "<group>"; };
		6259B8B121F21DD200F50EE7 /* MainVCViewModel.swift */ = {isa = PBXFileReference; lastKnownFileType = sourcecode.swift; path = MainVCViewModel.swift; sourceTree = "<group>"; };
		62A6C6C521F46C2700D75C33 /* HistoryView.swift */ = {isa = PBXFileReference; lastKnownFileType = sourcecode.swift; path = HistoryView.swift; sourceTree = "<group>"; };
		62A6C6C721F46CF100D75C33 /* HistoryViewModel.swift */ = {isa = PBXFileReference; lastKnownFileType = sourcecode.swift; path = HistoryViewModel.swift; sourceTree = "<group>"; };
		DCE95A8FC10278F969B5872C /* Pods_SwapIMobile.framework */ = {isa = PBXFileReference; explicitFileType = wrapper.framework; includeInIndex = 0; path = Pods_SwapIMobile.framework; sourceTree = BUILT_PRODUCTS_DIR; };
		ED5622706F02B474BCD86D48 /* Pods-SwapIMobile.debug.xcconfig */ = {isa = PBXFileReference; includeInIndex = 1; lastKnownFileType = text.xcconfig; name = "Pods-SwapIMobile.debug.xcconfig"; path = "Pods/Target Support Files/Pods-SwapIMobile/Pods-SwapIMobile.debug.xcconfig"; sourceTree = "<group>"; };
/* End PBXFileReference section */

/* Begin PBXFrameworksBuildPhase section */
		620B303721D3CA760056C343 /* Frameworks */ = {
			isa = PBXFrameworksBuildPhase;
			buildActionMask = 2147483647;
			files = (
				D79952C447AE8A863CF9AAA3 /* Pods_SwapIMobile.framework in Frameworks */,
			);
			runOnlyForDeploymentPostprocessing = 0;
		};
/* End PBXFrameworksBuildPhase section */

/* Begin PBXGroup section */
		620B303121D3CA760056C343 = {
			isa = PBXGroup;
			children = (
				620B303C21D3CA760056C343 /* SwapIMobile */,
				620B303B21D3CA760056C343 /* Products */,
				A746360138CC5492553AB589 /* Pods */,
				ECB4869D586659FE7546AA17 /* Frameworks */,
			);
			sourceTree = "<group>";
		};
		620B303B21D3CA760056C343 /* Products */ = {
			isa = PBXGroup;
			children = (
				620B303A21D3CA760056C343 /* SwapIMobile.app */,
			);
			name = Products;
			sourceTree = "<group>";
		};
		620B303C21D3CA760056C343 /* SwapIMobile */ = {
			isa = PBXGroup;
			children = (
				6259B8B021F21D9200F50EE7 /* ViewModels */,
				6259B8A821F1E0C900F50EE7 /* Storyboards */,
				6259B8A721F1E0BB00F50EE7 /* Views */,
				6259B8A221D3D2BB00F50EE7 /* Services */,
				6259B8A121D3D2AF00F50EE7 /* Models */,
				620B303D21D3CA760056C343 /* AppDelegate.swift */,
				620B304721D3CA8A0056C343 /* Assets.xcassets */,
				620B304921D3CA8B0056C343 /* LaunchScreen.storyboard */,
				620B304C21D3CA8B0056C343 /* Info.plist */,
				620B304421D3CA770056C343 /* SwapIMobile.xcdatamodeld */,
			);
			path = SwapIMobile;
			sourceTree = "<group>";
		};
		6259B8A121D3D2AF00F50EE7 /* Models */ = {
			isa = PBXGroup;
			children = (
				6259B8AB21F20D4B00F50EE7 /* Character.swift */,
			);
			path = Models;
			sourceTree = "<group>";
		};
		6259B8A221D3D2BB00F50EE7 /* Services */ = {
			isa = PBXGroup;
			children = (
				6259B8AD21F20FC900F50EE7 /* Networking */,
			);
			path = Services;
			sourceTree = "<group>";
		};
		6259B8A721F1E0BB00F50EE7 /* Views */ = {
			isa = PBXGroup;
			children = (
				6259B8A921F1E1A800F50EE7 /* MainVC.swift */,
				62A6C6C521F46C2700D75C33 /* HistoryView.swift */,
			);
			path = Views;
			sourceTree = "<group>";
		};
		6259B8A821F1E0C900F50EE7 /* Storyboards */ = {
			isa = PBXGroup;
			children = (
				620B304121D3CA760056C343 /* Main.storyboard */,
			);
			path = Storyboards;
			sourceTree = "<group>";
		};
		6259B8AD21F20FC900F50EE7 /* Networking */ = {
			isa = PBXGroup;
			children = (
				6259B8AE21F20FEE00F50EE7 /* requestService.swift */,
			);
			path = Networking;
			sourceTree = "<group>";
		};
		6259B8B021F21D9200F50EE7 /* ViewModels */ = {
			isa = PBXGroup;
			children = (
				6259B8B121F21DD200F50EE7 /* MainVCViewModel.swift */,
				62A6C6C721F46CF100D75C33 /* HistoryViewModel.swift */,
			);
			path = ViewModels;
			sourceTree = "<group>";
		};
		A746360138CC5492553AB589 /* Pods */ = {
			isa = PBXGroup;
			children = (
				ED5622706F02B474BCD86D48 /* Pods-SwapIMobile.debug.xcconfig */,
				1038265682DD487A890463E5 /* Pods-SwapIMobile.release.xcconfig */,
			);
			name = Pods;
			sourceTree = "<group>";
		};
		ECB4869D586659FE7546AA17 /* Frameworks */ = {
			isa = PBXGroup;
			children = (
				DCE95A8FC10278F969B5872C /* Pods_SwapIMobile.framework */,
			);
			name = Frameworks;
			sourceTree = "<group>";
		};
/* End PBXGroup section */

/* Begin PBXNativeTarget section */
		620B303921D3CA760056C343 /* SwapIMobile */ = {
			isa = PBXNativeTarget;
			buildConfigurationList = 620B304F21D3CA8B0056C343 /* Build configuration list for PBXNativeTarget "SwapIMobile" */;
			buildPhases = (
				F333F6B2A3C682882641C059 /* [CP] Check Pods Manifest.lock */,
				620B303621D3CA760056C343 /* Sources */,
				620B303721D3CA760056C343 /* Frameworks */,
				620B303821D3CA760056C343 /* Resources */,
				C3347677A7236A2295713C9D /* [CP] Embed Pods Frameworks */,
			);
			buildRules = (
			);
			dependencies = (
			);
			name = SwapIMobile;
			productName = SwapIMobile;
			productReference = 620B303A21D3CA760056C343 /* SwapIMobile.app */;
			productType = "com.apple.product-type.application";
		};
/* End PBXNativeTarget section */

/* Begin PBXProject section */
		620B303221D3CA760056C343 /* Project object */ = {
			isa = PBXProject;
			attributes = {
				LastSwiftUpdateCheck = 1010;
				LastUpgradeCheck = 1010;
				ORGANIZATIONNAME = "Eldar Adelshin";
				TargetAttributes = {
					620B303921D3CA760056C343 = {
						CreatedOnToolsVersion = 10.1;
					};
				};
			};
			buildConfigurationList = 620B303521D3CA760056C343 /* Build configuration list for PBXProject "SwapIMobile" */;
			compatibilityVersion = "Xcode 9.3";
			developmentRegion = en;
			hasScannedForEncodings = 0;
			knownRegions = (
				en,
				Base,
			);
			mainGroup = 620B303121D3CA760056C343;
			productRefGroup = 620B303B21D3CA760056C343 /* Products */;
			projectDirPath = "";
			projectRoot = "";
			targets = (
				620B303921D3CA760056C343 /* SwapIMobile */,
			);
		};
/* End PBXProject section */

/* Begin PBXResourcesBuildPhase section */
		620B303821D3CA760056C343 /* Resources */ = {
			isa = PBXResourcesBuildPhase;
			buildActionMask = 2147483647;
			files = (
				620B304B21D3CA8B0056C343 /* LaunchScreen.storyboard in Resources */,
				620B304821D3CA8A0056C343 /* Assets.xcassets in Resources */,
				620B304321D3CA760056C343 /* Main.storyboard in Resources */,
			);
			runOnlyForDeploymentPostprocessing = 0;
		};
/* End PBXResourcesBuildPhase section */

/* Begin PBXShellScriptBuildPhase section */
		C3347677A7236A2295713C9D /* [CP] Embed Pods Frameworks */ = {
			isa = PBXShellScriptBuildPhase;
			buildActionMask = 2147483647;
			files = (
			);
			inputPaths = (
				"${SRCROOT}/Pods/Target Support Files/Pods-SwapIMobile/Pods-SwapIMobile-frameworks.sh",
				"${BUILT_PRODUCTS_DIR}/Alamofire/Alamofire.framework",
				"${BUILT_PRODUCTS_DIR}/Kingfisher/Kingfisher.framework",
				"${BUILT_PRODUCTS_DIR}/Realm/Realm.framework",
				"${BUILT_PRODUCTS_DIR}/RealmSwift/RealmSwift.framework",
				"${BUILT_PRODUCTS_DIR}/RxAtomic/RxAtomic.framework",
				"${BUILT_PRODUCTS_DIR}/RxCocoa/RxCocoa.framework",
				"${BUILT_PRODUCTS_DIR}/RxSwift/RxSwift.framework",
			);
			name = "[CP] Embed Pods Frameworks";
			outputPaths = (
				"${TARGET_BUILD_DIR}/${FRAMEWORKS_FOLDER_PATH}/Alamofire.framework",
				"${TARGET_BUILD_DIR}/${FRAMEWORKS_FOLDER_PATH}/Kingfisher.framework",
				"${TARGET_BUILD_DIR}/${FRAMEWORKS_FOLDER_PATH}/Realm.framework",
				"${TARGET_BUILD_DIR}/${FRAMEWORKS_FOLDER_PATH}/RealmSwift.framework",
				"${TARGET_BUILD_DIR}/${FRAMEWORKS_FOLDER_PATH}/RxAtomic.framework",
				"${TARGET_BUILD_DIR}/${FRAMEWORKS_FOLDER_PATH}/RxCocoa.framework",
				"${TARGET_BUILD_DIR}/${FRAMEWORKS_FOLDER_PATH}/RxSwift.framework",
			);
			runOnlyForDeploymentPostprocessing = 0;
			shellPath = /bin/sh;
			shellScript = "\"${SRCROOT}/Pods/Target Support Files/Pods-SwapIMobile/Pods-SwapIMobile-frameworks.sh\"\n";
			showEnvVarsInLog = 0;
		};
		F333F6B2A3C682882641C059 /* [CP] Check Pods Manifest.lock */ = {
			isa = PBXShellScriptBuildPhase;
			buildActionMask = 2147483647;
			files = (
			);
			inputPaths = (
				"${PODS_PODFILE_DIR_PATH}/Podfile.lock",
				"${PODS_ROOT}/Manifest.lock",
			);
			name = "[CP] Check Pods Manifest.lock";
			outputPaths = (
				"$(DERIVED_FILE_DIR)/Pods-SwapIMobile-checkManifestLockResult.txt",
			);
			runOnlyForDeploymentPostprocessing = 0;
			shellPath = /bin/sh;
			shellScript = "diff \"${PODS_PODFILE_DIR_PATH}/Podfile.lock\" \"${PODS_ROOT}/Manifest.lock\" > /dev/null\nif [ $? != 0 ] ; then\n    # print error to STDERR\n    echo \"error: The sandbox is not in sync with the Podfile.lock. Run 'pod install' or update your CocoaPods installation.\" >&2\n    exit 1\nfi\n# This output is used by Xcode 'outputs' to avoid re-running this script phase.\necho \"SUCCESS\" > \"${SCRIPT_OUTPUT_FILE_0}\"\n";
			showEnvVarsInLog = 0;
		};
/* End PBXShellScriptBuildPhase section */

/* Begin PBXSourcesBuildPhase section */
		620B303621D3CA760056C343 /* Sources */ = {
			isa = PBXSourcesBuildPhase;
			buildActionMask = 2147483647;
			files = (
				62A6C6C621F46C2700D75C33 /* HistoryView.swift in Sources */,
				6259B8AF21F20FEE00F50EE7 /* requestService.swift in Sources */,
				6259B8AA21F1E1A800F50EE7 /* MainVC.swift in Sources */,
				6259B8B221F21DD200F50EE7 /* MainVCViewModel.swift in Sources */,
				620B304621D3CA770056C343 /* SwapIMobile.xcdatamodeld in Sources */,
				6259B8AC21F20D4B00F50EE7 /* Character.swift in Sources */,
				620B303E21D3CA760056C343 /* AppDelegate.swift in Sources */,
				62A6C6C821F46CF100D75C33 /* HistoryViewModel.swift in Sources */,
			);
			runOnlyForDeploymentPostprocessing = 0;
		};
/* End PBXSourcesBuildPhase section */

/* Begin PBXVariantGroup section */
		620B304121D3CA760056C343 /* Main.storyboard */ = {
			isa = PBXVariantGroup;
			children = (
				620B304221D3CA760056C343 /* Base */,
			);
			name = Main.storyboard;
			sourceTree = "<group>";
		};
		620B304921D3CA8B0056C343 /* LaunchScreen.storyboard */ = {
			isa = PBXVariantGroup;
			children = (
				620B304A21D3CA8B0056C343 /* Base */,
			);
			name = LaunchScreen.storyboard;
			sourceTree = "<group>";
		};
/* End PBXVariantGroup section */

/* Begin XCBuildConfiguration section */
		620B304D21D3CA8B0056C343 /* Debug */ = {
			isa = XCBuildConfiguration;
			buildSettings = {
				ALWAYS_SEARCH_USER_PATHS = NO;
				CLANG_ANALYZER_NONNULL = YES;
				CLANG_ANALYZER_NUMBER_OBJECT_CONVERSION = YES_AGGRESSIVE;
				CLANG_CXX_LANGUAGE_STANDARD = "gnu++14";
				CLANG_CXX_LIBRARY = "libc++";
				CLANG_ENABLE_MODULES = YES;
				CLANG_ENABLE_OBJC_ARC = YES;
				CLANG_ENABLE_OBJC_WEAK = YES;
				CLANG_WARN_BLOCK_CAPTURE_AUTORELEASING = YES;
				CLANG_WARN_BOOL_CONVERSION = YES;
				CLANG_WARN_COMMA = YES;
				CLANG_WARN_CONSTANT_CONVERSION = YES;
				CLANG_WARN_DEPRECATED_OBJC_IMPLEMENTATIONS = YES;
				CLANG_WARN_DIRECT_OBJC_ISA_USAGE = YES_ERROR;
				CLANG_WARN_DOCUMENTATION_COMMENTS = YES;
				CLANG_WARN_EMPTY_BODY = YES;
				CLANG_WARN_ENUM_CONVERSION = YES;
				CLANG_WARN_INFINITE_RECURSION = YES;
				CLANG_WARN_INT_CONVERSION = YES;
				CLANG_WARN_NON_LITERAL_NULL_CONVERSION = YES;
				CLANG_WARN_OBJC_IMPLICIT_RETAIN_SELF = YES;
				CLANG_WARN_OBJC_LITERAL_CONVERSION = YES;
				CLANG_WARN_OBJC_ROOT_CLASS = YES_ERROR;
				CLANG_WARN_RANGE_LOOP_ANALYSIS = YES;
				CLANG_WARN_STRICT_PROTOTYPES = YES;
				CLANG_WARN_SUSPICIOUS_MOVE = YES;
				CLANG_WARN_UNGUARDED_AVAILABILITY = YES_AGGRESSIVE;
				CLANG_WARN_UNREACHABLE_CODE = YES;
				CLANG_WARN__DUPLICATE_METHOD_MATCH = YES;
				CODE_SIGN_IDENTITY = "iPhone Developer";
				COPY_PHASE_STRIP = NO;
				DEBUG_INFORMATION_FORMAT = dwarf;
				ENABLE_STRICT_OBJC_MSGSEND = YES;
				ENABLE_TESTABILITY = YES;
				GCC_C_LANGUAGE_STANDARD = gnu11;
				GCC_DYNAMIC_NO_PIC = NO;
				GCC_NO_COMMON_BLOCKS = YES;
				GCC_OPTIMIZATION_LEVEL = 0;
				GCC_PREPROCESSOR_DEFINITIONS = (
					"DEBUG=1",
					"$(inherited)",
				);
				GCC_WARN_64_TO_32_BIT_CONVERSION = YES;
				GCC_WARN_ABOUT_RETURN_TYPE = YES_ERROR;
				GCC_WARN_UNDECLARED_SELECTOR = YES;
				GCC_WARN_UNINITIALIZED_AUTOS = YES_AGGRESSIVE;
				GCC_WARN_UNUSED_FUNCTION = YES;
				GCC_WARN_UNUSED_VARIABLE = YES;
				IPHONEOS_DEPLOYMENT_TARGET = 12.1;
				MTL_ENABLE_DEBUG_INFO = INCLUDE_SOURCE;
				MTL_FAST_MATH = YES;
				ONLY_ACTIVE_ARCH = YES;
				SDKROOT = iphoneos;
				SWIFT_ACTIVE_COMPILATION_CONDITIONS = DEBUG;
				SWIFT_OPTIMIZATION_LEVEL = "-Onone";
			};
			name = Debug;
		};
		620B304E21D3CA8B0056C343 /* Release */ = {
			isa = XCBuildConfiguration;
			buildSettings = {
				ALWAYS_SEARCH_USER_PATHS = NO;
				CLANG_ANALYZER_NONNULL = YES;
				CLANG_ANALYZER_NUMBER_OBJECT_CONVERSION = YES_AGGRESSIVE;
				CLANG_CXX_LANGUAGE_STANDARD = "gnu++14";
				CLANG_CXX_LIBRARY = "libc++";
				CLANG_ENABLE_MODULES = YES;
				CLANG_ENABLE_OBJC_ARC = YES;
				CLANG_ENABLE_OBJC_WEAK = YES;
				CLANG_WARN_BLOCK_CAPTURE_AUTORELEASING = YES;
				CLANG_WARN_BOOL_CONVERSION = YES;
				CLANG_WARN_COMMA = YES;
				CLANG_WARN_CONSTANT_CONVERSION = YES;
				CLANG_WARN_DEPRECATED_OBJC_IMPLEMENTATIONS = YES;
				CLANG_WARN_DIRECT_OBJC_ISA_USAGE = YES_ERROR;
				CLANG_WARN_DOCUMENTATION_COMMENTS = YES;
				CLANG_WARN_EMPTY_BODY = YES;
				CLANG_WARN_ENUM_CONVERSION = YES;
				CLANG_WARN_INFINITE_RECURSION = YES;
				CLANG_WARN_INT_CONVERSION = YES;
				CLANG_WARN_NON_LITERAL_NULL_CONVERSION = YES;
				CLANG_WARN_OBJC_IMPLICIT_RETAIN_SELF = YES;
				CLANG_WARN_OBJC_LITERAL_CONVERSION = YES;
				CLANG_WARN_OBJC_ROOT_CLASS = YES_ERROR;
				CLANG_WARN_RANGE_LOOP_ANALYSIS = YES;
				CLANG_WARN_STRICT_PROTOTYPES = YES;
				CLANG_WARN_SUSPICIOUS_MOVE = YES;
				CLANG_WARN_UNGUARDED_AVAILABILITY = YES_AGGRESSIVE;
				CLANG_WARN_UNREACHABLE_CODE = YES;
				CLANG_WARN__DUPLICATE_METHOD_MATCH = YES;
				CODE_SIGN_IDENTITY = "iPhone Developer";
				COPY_PHASE_STRIP = NO;
				DEBUG_INFORMATION_FORMAT = "dwarf-with-dsym";
				ENABLE_NS_ASSERTIONS = NO;
				ENABLE_STRICT_OBJC_MSGSEND = YES;
				GCC_C_LANGUAGE_STANDARD = gnu11;
				GCC_NO_COMMON_BLOCKS = YES;
				GCC_WARN_64_TO_32_BIT_CONVERSION = YES;
				GCC_WARN_ABOUT_RETURN_TYPE = YES_ERROR;
				GCC_WARN_UNDECLARED_SELECTOR = YES;
				GCC_WARN_UNINITIALIZED_AUTOS = YES_AGGRESSIVE;
				GCC_WARN_UNUSED_FUNCTION = YES;
				GCC_WARN_UNUSED_VARIABLE = YES;
				IPHONEOS_DEPLOYMENT_TARGET = 12.1;
				MTL_ENABLE_DEBUG_INFO = NO;
				MTL_FAST_MATH = YES;
				SDKROOT = iphoneos;
				SWIFT_COMPILATION_MODE = wholemodule;
				SWIFT_OPTIMIZATION_LEVEL = "-O";
				VALIDATE_PRODUCT = YES;
			};
			name = Release;
		};
		620B305021D3CA8B0056C343 /* Debug */ = {
			isa = XCBuildConfiguration;
			baseConfigurationReference = ED5622706F02B474BCD86D48 /* Pods-SwapIMobile.debug.xcconfig */;
			buildSettings = {
				ASSETCATALOG_COMPILER_APPICON_NAME = AppIcon;
				CODE_SIGN_STYLE = Automatic;
				INFOPLIST_FILE = SwapIMobile/Info.plist;
				LD_RUNPATH_SEARCH_PATHS = (
					"$(inherited)",
					"@executable_path/Frameworks",
				);
				PRODUCT_BUNDLE_IDENTIFIER = ru.adelshin.ios.SwapIMobile;
				PRODUCT_NAME = "$(TARGET_NAME)";
				SWIFT_VERSION = 4.2;
				TARGETED_DEVICE_FAMILY = "1,2";
			};
			name = Debug;
		};
		620B305121D3CA8B0056C343 /* Release */ = {
			isa = XCBuildConfiguration;
			baseConfigurationReference = 1038265682DD487A890463E5 /* Pods-SwapIMobile.release.xcconfig */;
			buildSettings = {
				ASSETCATALOG_COMPILER_APPICON_NAME = AppIcon;
				CODE_SIGN_STYLE = Automatic;
				INFOPLIST_FILE = SwapIMobile/Info.plist;
				LD_RUNPATH_SEARCH_PATHS = (
					"$(inherited)",
					"@executable_path/Frameworks",
				);
				PRODUCT_BUNDLE_IDENTIFIER = ru.adelshin.ios.SwapIMobile;
				PRODUCT_NAME = "$(TARGET_NAME)";
				SWIFT_VERSION = 4.2;
				TARGETED_DEVICE_FAMILY = "1,2";
			};
			name = Release;
		};
/* End XCBuildConfiguration section */

/* Begin XCConfigurationList section */
		620B303521D3CA760056C343 /* Build configuration list for PBXProject "SwapIMobile" */ = {
			isa = XCConfigurationList;
			buildConfigurations = (
				620B304D21D3CA8B0056C343 /* Debug */,
				620B304E21D3CA8B0056C343 /* Release */,
			);
			defaultConfigurationIsVisible = 0;
			defaultConfigurationName = Release;
		};
		620B304F21D3CA8B0056C343 /* Build configuration list for PBXNativeTarget "SwapIMobile" */ = {
			isa = XCConfigurationList;
			buildConfigurations = (
				620B305021D3CA8B0056C343 /* Debug */,
				620B305121D3CA8B0056C343 /* Release */,
			);
			defaultConfigurationIsVisible = 0;
			defaultConfigurationName = Release;
		};
/* End XCConfigurationList section */

/* Begin XCVersionGroup section */
		620B304421D3CA770056C343 /* SwapIMobile.xcdatamodeld */ = {
			isa = XCVersionGroup;
			children = (
				620B304521D3CA770056C343 /* SwapIMobile.xcdatamodel */,
			);
			currentVersion = 620B304521D3CA770056C343 /* SwapIMobile.xcdatamodel */;
			path = SwapIMobile.xcdatamodeld;
			sourceTree = "<group>";
			versionGroupType = wrapper.xcdatamodel;
		};
/* End XCVersionGroup section */
	};
	rootObject = 620B303221D3CA760056C343 /* Project object */;
}
